// !$*UTF8*$!
{
	archiveVersion = 1;
	classes = {
	};
	objectVersion = 50;
	objects = {

/* Begin PBXBuildFile section */
		FDE785D322DA1C9700E7DCFB /* AppDelegate.swift in Sources */ = {isa = PBXBuildFile; fileRef = FDE785D222DA1C9700E7DCFB /* AppDelegate.swift */; };
		FDE785D522DA1C9700E7DCFB /* ViewController.swift in Sources */ = {isa = PBXBuildFile; fileRef = FDE785D422DA1C9700E7DCFB /* ViewController.swift */; };
		FDE785D822DA1C9700E7DCFB /* Main.storyboard in Resources */ = {isa = PBXBuildFile; fileRef = FDE785D622DA1C9700E7DCFB /* Main.storyboard */; };
		FDE785DA22DA1C9700E7DCFB /* Assets.xcassets in Resources */ = {isa = PBXBuildFile; fileRef = FDE785D922DA1C9700E7DCFB /* Assets.xcassets */; };
		FDE785DD22DA1C9700E7DCFB /* LaunchScreen.storyboard in Resources */ = {isa = PBXBuildFile; fileRef = FDE785DB22DA1C9700E7DCFB /* LaunchScreen.storyboard */; };
/* End PBXBuildFile section */

/* Begin PBXFileReference section */
		FDE785CF22DA1C9700E7DCFB /* Bootcamp-iOS.FIAP.app */ = {isa = PBXFileReference; explicitFileType = wrapper.application; includeInIndex = 0; path = "Bootcamp-iOS.FIAP.app"; sourceTree = BUILT_PRODUCTS_DIR; };
		FDE785D222DA1C9700E7DCFB /* AppDelegate.swift */ = {isa = PBXFileReference; lastKnownFileType = sourcecode.swift; path = AppDelegate.swift; sourceTree = "<group>"; };
		FDE785D422DA1C9700E7DCFB /* ViewController.swift */ = {isa = PBXFileReference; lastKnownFileType = sourcecode.swift; path = ViewController.swift; sourceTree = "<group>"; };
		FDE785D722DA1C9700E7DCFB /* Base */ = {isa = PBXFileReference; lastKnownFileType = file.storyboard; name = Base; path = Base.lproj/Main.storyboard; sourceTree = "<group>"; };
		FDE785D922DA1C9700E7DCFB /* Assets.xcassets */ = {isa = PBXFileReference; lastKnownFileType = folder.assetcatalog; path = Assets.xcassets; sourceTree = "<group>"; };
		FDE785DC22DA1C9700E7DCFB /* Base */ = {isa = PBXFileReference; lastKnownFileType = file.storyboard; name = Base; path = Base.lproj/LaunchScreen.storyboard; sourceTree = "<group>"; };
		FDE785DE22DA1C9700E7DCFB /* Info.plist */ = {isa = PBXFileReference; lastKnownFileType = text.plist.xml; path = Info.plist; sourceTree = "<group>"; };
/* End PBXFileReference section */

/* Begin PBXFrameworksBuildPhase section */
		FDE785CC22DA1C9700E7DCFB /* Frameworks */ = {
			isa = PBXFrameworksBuildPhase;
			buildActionMask = 2147483647;
			files = (
			);
			runOnlyForDeploymentPostprocessing = 0;
		};
/* End PBXFrameworksBuildPhase section */

/* Begin PBXGroup section */
		FDE785C622DA1C9700E7DCFB = {
			isa = PBXGroup;
			children = (
				FDE785D122DA1C9700E7DCFB /* Bootcamp-iOS.FIAP */,
				FDE785D022DA1C9700E7DCFB /* Products */,
			);
			sourceTree = "<group>";
		};
		FDE785D022DA1C9700E7DCFB /* Products */ = {
			isa = PBXGroup;
			children = (
				FDE785CF22DA1C9700E7DCFB /* Bootcamp-iOS.FIAP.app */,
			);
			name = Products;
			sourceTree = "<group>";
		};
		FDE785D122DA1C9700E7DCFB /* Bootcamp-iOS.FIAP */ = {
			isa = PBXGroup;
			children = (
				FDE785D222DA1C9700E7DCFB /* AppDelegate.swift */,
				FDE785D422DA1C9700E7DCFB /* ViewController.swift */,
				FDE785D622DA1C9700E7DCFB /* Main.storyboard */,
				FDE785D922DA1C9700E7DCFB /* Assets.xcassets */,
				FDE785DB22DA1C9700E7DCFB /* LaunchScreen.storyboard */,
				FDE785DE22DA1C9700E7DCFB /* Info.plist */,
			);
			path = "Bootcamp-iOS.FIAP";
			sourceTree = "<group>";
		};
/* End PBXGroup section */

/* Begin PBXNativeTarget section */
		FDE785CE22DA1C9700E7DCFB /* Bootcamp-iOS.FIAP */ = {
			isa = PBXNativeTarget;
			buildConfigurationList = FDE785E122DA1C9700E7DCFB /* Build configuration list for PBXNativeTarget "Bootcamp-iOS.FIAP" */;
			buildPhases = (
				FDE785CB22DA1C9700E7DCFB /* Sources */,
				FDE785CC22DA1C9700E7DCFB /* Frameworks */,
				FDE785CD22DA1C9700E7DCFB /* Resources */,
			);
			buildRules = (
			);
			dependencies = (
			);
			name = "Bootcamp-iOS.FIAP";
			productName = "Bootcamp-iOS.FIAP";
			productReference = FDE785CF22DA1C9700E7DCFB /* Bootcamp-iOS.FIAP.app */;
			productType = "com.apple.product-type.application";
		};
/* End PBXNativeTarget section */

/* Begin PBXProject section */
		FDE785C722DA1C9700E7DCFB /* Project object */ = {
			isa = PBXProject;
			attributes = {
				LastSwiftUpdateCheck = 1020;
				LastUpgradeCheck = 1020;
				ORGANIZATIONNAME = "Leandro Romano";
				TargetAttributes = {
					FDE785CE22DA1C9700E7DCFB = {
						CreatedOnToolsVersion = 10.2.1;
					};
				};
			};
			buildConfigurationList = FDE785CA22DA1C9700E7DCFB /* Build configuration list for PBXProject "Bootcamp-iOS.FIAP" */;
			compatibilityVersion = "Xcode 9.3";
			developmentRegion = en;
			hasScannedForEncodings = 0;
			knownRegions = (
				en,
				Base,
			);
			mainGroup = FDE785C622DA1C9700E7DCFB;
			productRefGroup = FDE785D022DA1C9700E7DCFB /* Products */;
			projectDirPath = "";
			projectRoot = "";
			targets = (
				FDE785CE22DA1C9700E7DCFB /* Bootcamp-iOS.FIAP */,
			);
		};
/* End PBXProject section */

/* Begin PBXResourcesBuildPhase section */
		FDE785CD22DA1C9700E7DCFB /* Resources */ = {
			isa = PBXResourcesBuildPhase;
			buildActionMask = 2147483647;
			files = (
				FDE785DD22DA1C9700E7DCFB /* LaunchScreen.storyboard in Resources */,
				FDE785DA22DA1C9700E7DCFB /* Assets.xcassets in Resources */,
				FDE785D822DA1C9700E7DCFB /* Main.storyboard in Resources */,
			);
			runOnlyForDeploymentPostprocessing = 0;
		};
/* End PBXResourcesBuildPhase section */

/* Begin PBXSourcesBuildPhase section */
		FDE785CB22DA1C9700E7DCFB /* Sources */ = {
			isa = PBXSourcesBuildPhase;
			buildActionMask = 2147483647;
			files = (
				FDE785D522DA1C9700E7DCFB /* ViewController.swift in Sources */,
				FDE785D322DA1C9700E7DCFB /* AppDelegate.swift in Sources */,
			);
			runOnlyForDeploymentPostprocessing = 0;
		};
/* End PBXSourcesBuildPhase section */

/* Begin PBXVariantGroup section */
		FDE785D622DA1C9700E7DCFB /* Main.storyboard */ = {
			isa = PBXVariantGroup;
			children = (
				FDE785D722DA1C9700E7DCFB /* Base */,
			);
			name = Main.storyboard;
			sourceTree = "<group>";
		};
		FDE785DB22DA1C9700E7DCFB /* LaunchScreen.storyboard */ = {
			isa = PBXVariantGroup;
			children = (
				FDE785DC22DA1C9700E7DCFB /* Base */,
			);
			name = LaunchScreen.storyboard;
			sourceTree = "<group>";
		};
/* End PBXVariantGroup section */

/* Begin XCBuildConfiguration section */
		FDE785DF22DA1C9700E7DCFB /* Debug */ = {
			isa = XCBuildConfiguration;
			buildSettings = {
				ALWAYS_SEARCH_USER_PATHS = NO;
				CLANG_ANALYZER_NONNULL = YES;
				CLANG_ANALYZER_NUMBER_OBJECT_CONVERSION = YES_AGGRESSIVE;
				CLANG_CXX_LANGUAGE_STANDARD = "gnu++14";
				CLANG_CXX_LIBRARY = "libc++";
				CLANG_ENABLE_MODULES = YES;
				CLANG_ENABLE_OBJC_ARC = YES;
				CLANG_ENABLE_OBJC_WEAK = YES;
				CLANG_WARN_BLOCK_CAPTURE_AUTORELEASING = YES;
				CLANG_WARN_BOOL_CONVERSION = YES;
				CLANG_WARN_COMMA = YES;
				CLANG_WARN_CONSTANT_CONVERSION = YES;
				CLANG_WARN_DEPRECATED_OBJC_IMPLEMENTATIONS = YES;
				CLANG_WARN_DIRECT_OBJC_ISA_USAGE = YES_ERROR;
				CLANG_WARN_DOCUMENTATION_COMMENTS = YES;
				CLANG_WARN_EMPTY_BODY = YES;
				CLANG_WARN_ENUM_CONVERSION = YES;
				CLANG_WARN_INFINITE_RECURSION = YES;
				CLANG_WARN_INT_CONVERSION = YES;
				CLANG_WARN_NON_LITERAL_NULL_CONVERSION = YES;
				CLANG_WARN_OBJC_IMPLICIT_RETAIN_SELF = YES;
				CLANG_WARN_OBJC_LITERAL_CONVERSION = YES;
				CLANG_WARN_OBJC_ROOT_CLASS = YES_ERROR;
				CLANG_WARN_RANGE_LOOP_ANALYSIS = YES;
				CLANG_WARN_STRICT_PROTOTYPES = YES;
				CLANG_WARN_SUSPICIOUS_MOVE = YES;
				CLANG_WARN_UNGUARDED_AVAILABILITY = YES_AGGRESSIVE;
				CLANG_WARN_UNREACHABLE_CODE = YES;
				CLANG_WARN__DUPLICATE_METHOD_MATCH = YES;
				CODE_SIGN_IDENTITY = "iPhone Developer";
				COPY_PHASE_STRIP = NO;
				DEBUG_INFORMATION_FORMAT = dwarf;
				ENABLE_STRICT_OBJC_MSGSEND = YES;
				ENABLE_TESTABILITY = YES;
				GCC_C_LANGUAGE_STANDARD = gnu11;
				GCC_DYNAMIC_NO_PIC = NO;
				GCC_NO_COMMON_BLOCKS = YES;
				GCC_OPTIMIZATION_LEVEL = 0;
				GCC_PREPROCESSOR_DEFINITIONS = (
					"DEBUG=1",
					"$(inherited)",
				);
				GCC_WARN_64_TO_32_BIT_CONVERSION = YES;
				GCC_WARN_ABOUT_RETURN_TYPE = YES_ERROR;
				GCC_WARN_UNDECLARED_SELECTOR = YES;
				GCC_WARN_UNINITIALIZED_AUTOS = YES_AGGRESSIVE;
				GCC_WARN_UNUSED_FUNCTION = YES;
				GCC_WARN_UNUSED_VARIABLE = YES;
				IPHONEOS_DEPLOYMENT_TARGET = 12.2;
				MTL_ENABLE_DEBUG_INFO = INCLUDE_SOURCE;
				MTL_FAST_MATH = YES;
				ONLY_ACTIVE_ARCH = YES;
				SDKROOT = iphoneos;
				SWIFT_ACTIVE_COMPILATION_CONDITIONS = DEBUG;
				SWIFT_OPTIMIZATION_LEVEL = "-Onone";
			};
			name = Debug;
		};
		FDE785E022DA1C9700E7DCFB /* Release */ = {
			isa = XCBuildConfiguration;
			buildSettings = {
				ALWAYS_SEARCH_USER_PATHS = NO;
				CLANG_ANALYZER_NONNULL = YES;
				CLANG_ANALYZER_NUMBER_OBJECT_CONVERSION = YES_AGGRESSIVE;
				CLANG_CXX_LANGUAGE_STANDARD = "gnu++14";
				CLANG_CXX_LIBRARY = "libc++";
				CLANG_ENABLE_MODULES = YES;
				CLANG_ENABLE_OBJC_ARC = YES;
				CLANG_ENABLE_OBJC_WEAK = YES;
				CLANG_WARN_BLOCK_CAPTURE_AUTORELEASING = YES;
				CLANG_WARN_BOOL_CONVERSION = YES;
				CLANG_WARN_COMMA = YES;
				CLANG_WARN_CONSTANT_CONVERSION = YES;
				CLANG_WARN_DEPRECATED_OBJC_IMPLEMENTATIONS = YES;
				CLANG_WARN_DIRECT_OBJC_ISA_USAGE = YES_ERROR;
				CLANG_WARN_DOCUMENTATION_COMMENTS = YES;
				CLANG_WARN_EMPTY_BODY = YES;
				CLANG_WARN_ENUM_CONVERSION = YES;
				CLANG_WARN_INFINITE_RECURSION = YES;
				CLANG_WARN_INT_CONVERSION = YES;
				CLANG_WARN_NON_LITERAL_NULL_CONVERSION = YES;
				CLANG_WARN_OBJC_IMPLICIT_RETAIN_SELF = YES;
				CLANG_WARN_OBJC_LITERAL_CONVERSION = YES;
				CLANG_WARN_OBJC_ROOT_CLASS = YES_ERROR;
				CLANG_WARN_RANGE_LOOP_ANALYSIS = YES;
				CLANG_WARN_STRICT_PROTOTYPES = YES;
				CLANG_WARN_SUSPICIOUS_MOVE = YES;
				CLANG_WARN_UNGUARDED_AVAILABILITY = YES_AGGRESSIVE;
				CLANG_WARN_UNREACHABLE_CODE = YES;
				CLANG_WARN__DUPLICATE_METHOD_MATCH = YES;
				CODE_SIGN_IDENTITY = "iPhone Developer";
				COPY_PHASE_STRIP = NO;
				DEBUG_INFORMATION_FORMAT = "dwarf-with-dsym";
				ENABLE_NS_ASSERTIONS = NO;
				ENABLE_STRICT_OBJC_MSGSEND = YES;
				GCC_C_LANGUAGE_STANDARD = gnu11;
				GCC_NO_COMMON_BLOCKS = YES;
				GCC_WARN_64_TO_32_BIT_CONVERSION = YES;
				GCC_WARN_ABOUT_RETURN_TYPE = YES_ERROR;
				GCC_WARN_UNDECLARED_SELECTOR = YES;
				GCC_WARN_UNINITIALIZED_AUTOS = YES_AGGRESSIVE;
				GCC_WARN_UNUSED_FUNCTION = YES;
				GCC_WARN_UNUSED_VARIABLE = YES;
				IPHONEOS_DEPLOYMENT_TARGET = 12.2;
				MTL_ENABLE_DEBUG_INFO = NO;
				MTL_FAST_MATH = YES;
				SDKROOT = iphoneos;
				SWIFT_COMPILATION_MODE = wholemodule;
				SWIFT_OPTIMIZATION_LEVEL = "-O";
				VALIDATE_PRODUCT = YES;
			};
			name = Release;
		};
		FDE785E222DA1C9700E7DCFB /* Debug */ = {
			isa = XCBuildConfiguration;
			buildSettings = {
				ASSETCATALOG_COMPILER_APPICON_NAME = AppIcon;
				CODE_SIGN_STYLE = Automatic;
				INFOPLIST_FILE = "Bootcamp-iOS.FIAP/Info.plist";
				LD_RUNPATH_SEARCH_PATHS = (
					"$(inherited)",
					"@executable_path/Frameworks",
				);
				PRODUCT_BUNDLE_IDENTIFIER = "com.leandroromano.Bootcamp-iOS-FIAP";
				PRODUCT_NAME = "$(TARGET_NAME)";
				SWIFT_VERSION = 5.0;
				TARGETED_DEVICE_FAMILY = "1,2";
			};
			name = Debug;
		};
		FDE785E322DA1C9700E7DCFB /* Release */ = {
			isa = XCBuildConfiguration;
			buildSettings = {
				ASSETCATALOG_COMPILER_APPICON_NAME = AppIcon;
				CODE_SIGN_STYLE = Automatic;
				INFOPLIST_FILE = "Bootcamp-iOS.FIAP/Info.plist";
				LD_RUNPATH_SEARCH_PATHS = (
					"$(inherited)",
					"@executable_path/Frameworks",
				);
				PRODUCT_BUNDLE_IDENTIFIER = "com.leandroromano.Bootcamp-iOS-FIAP";
				PRODUCT_NAME = "$(TARGET_NAME)";
				SWIFT_VERSION = 5.0;
				TARGETED_DEVICE_FAMILY = "1,2";
			};
			name = Release;
		};
/* End XCBuildConfiguration section */

/* Begin XCConfigurationList section */
		FDE785CA22DA1C9700E7DCFB /* Build configuration list for PBXProject "Bootcamp-iOS.FIAP" */ = {
			isa = XCConfigurationList;
			buildConfigurations = (
				FDE785DF22DA1C9700E7DCFB /* Debug */,
				FDE785E022DA1C9700E7DCFB /* Release */,
			);
			defaultConfigurationIsVisible = 0;
			defaultConfigurationName = Release;
		};
		FDE785E122DA1C9700E7DCFB /* Build configuration list for PBXNativeTarget "Bootcamp-iOS.FIAP" */ = {
			isa = XCConfigurationList;
			buildConfigurations = (
				FDE785E222DA1C9700E7DCFB /* Debug */,
				FDE785E322DA1C9700E7DCFB /* Release */,
			);
			defaultConfigurationIsVisible = 0;
			defaultConfigurationName = Release;
		};
/* End XCConfigurationList section */
	};
	rootObject = FDE785C722DA1C9700E7DCFB /* Project object */;
}
